
Microsoft Visual Studio Solution File, Format Version 12.00
# Visual Studio Version 17
VisualStudioVersion = 17.9.34902.65
MinimumVisualStudioVersion = 10.0.40219.1
Project("{9A19103F-16F7-4668-BE54-9A1E7A4F7556}") = "ModelLayer", "ModelLayer\ModelLayer.csproj", "{83728E46-2C0D-47F8-9CF9-5F874FBCA3F9}"
EndProject
Project("{9A19103F-16F7-4668-BE54-9A1E7A4F7556}") = "DALLayer", "DALLayer\DALLayer.csproj", "{03BD1E92-3B52-4D5C-A5C4-D1FA04D05BA3}"
EndProject
Project("{9A19103F-16F7-4668-BE54-9A1E7A4F7556}") = "UserApplication", "UserApplication\UserApplication.csproj", "{3D4E9FC0-8D6A-447C-8311-D127A28D6448}"
EndProject
Global
	GlobalSection(SolutionConfigurationPlatforms) = preSolution
		Debug|Any CPU = Debug|Any CPU
		Release|Any CPU = Release|Any CPU
	EndGlobalSection
	GlobalSection(ProjectConfigurationPlatforms) = postSolution
		{83728E46-2C0D-47F8-9CF9-5F874FBCA3F9}.Debug|Any CPU.ActiveCfg = Debug|Any CPU
		{83728E46-2C0D-47F8-9CF9-5F874FBCA3F9}.Debug|Any CPU.Build.0 = Debug|Any CPU
		{83728E46-2C0D-47F8-9CF9-5F874FBCA3F9}.Release|Any CPU.ActiveCfg = Release|Any CPU
		{83728E46-2C0D-47F8-9CF9-5F874FBCA3F9}.Release|Any CPU.Build.0 = Release|Any CPU
		{03BD1E92-3B52-4D5C-A5C4-D1FA04D05BA3}.Debug|Any CPU.ActiveCfg = Debug|Any CPU
		{03BD1E92-3B52-4D5C-A5C4-D1FA04D05BA3}.Debug|Any CPU.Build.0 = Debug|Any CPU
		{03BD1E92-3B52-4D5C-A5C4-D1FA04D05BA3}.Release|Any CPU.ActiveCfg = Release|Any CPU
		{03BD1E92-3B52-4D5C-A5C4-D1FA04D05BA3}.Release|Any CPU.Build.0 = Release|Any CPU
		{3D4E9FC0-8D6A-447C-8311-D127A28D6448}.Debug|Any CPU.ActiveCfg = Debug|Any CPU
		{3D4E9FC0-8D6A-447C-8311-D127A28D6448}.Debug|Any CPU.Build.0 = Debug|Any CPU
		{3D4E9FC0-8D6A-447C-8311-D127A28D6448}.Release|Any CPU.ActiveCfg = Release|Any CPU
		{3D4E9FC0-8D6A-447C-8311-D127A28D6448}.Release|Any CPU.Build.0 = Release|Any CPU
	EndGlobalSection
	GlobalSection(SolutionProperties) = preSolution
		HideSolutionNode = FALSE
	EndGlobalSection
	GlobalSection(ExtensibilityGlobals) = postSolution
		SolutionGuid = {69A4082A-C0D7-4CC7-8E68-6A22C7FD3106}
	EndGlobalSection
EndGlobal
